
Microsoft Visual Studio Solution File, Format Version 12.00
# Visual Studio Version 17
VisualStudioVersion = 17.9.34714.143
MinimumVisualStudioVersion = 10.0.40219.1
Project("{FAE04EC0-301F-11D3-BF4B-00C04F79EFBC}") = "ntp1exo", "ntp1exo\ntp1exo.csproj", "{D4C26169-5AC3-45C5-9CFC-D06355CFF78A}"
EndProject
Global
	GlobalSection(SolutionConfigurationPlatforms) = preSolution
		Debug|Any CPU = Debug|Any CPU
		Release|Any CPU = Release|Any CPU
	EndGlobalSection
	GlobalSection(ProjectConfigurationPlatforms) = postSolution
		{D4C26169-5AC3-45C5-9CFC-D06355CFF78A}.Debug|Any CPU.ActiveCfg = Debug|Any CPU
		{D4C26169-5AC3-45C5-9CFC-D06355CFF78A}.Debug|Any CPU.Build.0 = Debug|Any CPU
		{D4C26169-5AC3-45C5-9CFC-D06355CFF78A}.Release|Any CPU.ActiveCfg = Release|Any CPU
		{D4C26169-5AC3-45C5-9CFC-D06355CFF78A}.Release|Any CPU.Build.0 = Release|Any CPU
	EndGlobalSection
	GlobalSection(SolutionProperties) = preSolution
		HideSolutionNode = FALSE
	EndGlobalSection
	GlobalSection(ExtensibilityGlobals) = postSolution
		SolutionGuid = {5B7A0460-BC65-4E87-A3AA-5894F32EB901}
	EndGlobalSection
EndGlobal
